
Microsoft Visual Studio Solution File, Format Version 12.00
# Visual Studio Version 16
VisualStudioVersion = 16.0.32901.82
MinimumVisualStudioVersion = 10.0.40219.1
Project("{FAE04EC0-301F-11D3-BF4B-00C04F79EFBC}") = "Practica03_G1", "Practica03_G1\Practica03_G1.csproj", "{4E8D0A46-19B0-4A8D-9CC0-3F116A64C3CE}"
EndProject
Global
	GlobalSection(SolutionConfigurationPlatforms) = preSolution
		Debug|Any CPU = Debug|Any CPU
		Release|Any CPU = Release|Any CPU
	EndGlobalSection
	GlobalSection(ProjectConfigurationPlatforms) = postSolution
		{4E8D0A46-19B0-4A8D-9CC0-3F116A64C3CE}.Debug|Any CPU.ActiveCfg = Debug|Any CPU
		{4E8D0A46-19B0-4A8D-9CC0-3F116A64C3CE}.Debug|Any CPU.Build.0 = Debug|Any CPU
		{4E8D0A46-19B0-4A8D-9CC0-3F116A64C3CE}.Release|Any CPU.ActiveCfg = Release|Any CPU
		{4E8D0A46-19B0-4A8D-9CC0-3F116A64C3CE}.Release|Any CPU.Build.0 = Release|Any CPU
	EndGlobalSection
	GlobalSection(SolutionProperties) = preSolution
		HideSolutionNode = FALSE
	EndGlobalSection
	GlobalSection(ExtensibilityGlobals) = postSolution
		SolutionGuid = {319E6BAC-D5CA-4E11-98A0-E7FDC3BC4C8C}
	EndGlobalSection
EndGlobal
